
Microsoft Visual Studio Solution File, Format Version 12.00
# Visual Studio 15
VisualStudioVersion = 15.0.28307.2092
MinimumVisualStudioVersion = 10.0.40219.1
Project("{FAE04EC0-301F-11D3-BF4B-00C04F79EFBC}") = "WebApplication9", "WebApplication9\WebApplication9.csproj", "{A73D5F6F-D0F1-4532-AC6B-103211F4DCCA}"
EndProject
Global
	GlobalSection(SolutionConfigurationPlatforms) = preSolution
		Debug|Any CPU = Debug|Any CPU
		Release|Any CPU = Release|Any CPU
	EndGlobalSection
	GlobalSection(ProjectConfigurationPlatforms) = postSolution
		{A73D5F6F-D0F1-4532-AC6B-103211F4DCCA}.Debug|Any CPU.ActiveCfg = Debug|Any CPU
		{A73D5F6F-D0F1-4532-AC6B-103211F4DCCA}.Debug|Any CPU.Build.0 = Debug|Any CPU
		{A73D5F6F-D0F1-4532-AC6B-103211F4DCCA}.Release|Any CPU.ActiveCfg = Release|Any CPU
		{A73D5F6F-D0F1-4532-AC6B-103211F4DCCA}.Release|Any CPU.Build.0 = Release|Any CPU
	EndGlobalSection
	GlobalSection(SolutionProperties) = preSolution
		HideSolutionNode = FALSE
	EndGlobalSection
	GlobalSection(ExtensibilityGlobals) = postSolution
		SolutionGuid = {96190B15-05C7-409D-B043-BC2D72A2F9D4}
	EndGlobalSection
EndGlobal
